Microsoft Visual Studio Solution File, Format Version 11.00
# Visual Studio 2008

Project("{72A9EE03-2988-B56E-DBB7-5D0C08690674}") = "DoTS", "Assembly-CSharp-firstpass.csproj", "{EA3B4164-2E5F-FB3A-88F1-592988EB7930}"
EndProject
Project("{72A9EE03-2988-B56E-DBB7-5D0C08690674}") = "DoTS", "Assembly-CSharp.csproj", "{C33AEB62-B8E5-CB44-05B8-F8F0900F456E}"
EndProject
Project("{72A9EE03-2988-B56E-DBB7-5D0C08690674}") = "DoTS", "Assembly-UnityScript-firstpass.unityproj", "{92A6239A-B267-C8B1-F695-C79522E584F1}"
EndProject
Global
	GlobalSection(SolutionConfigurationPlatforms) = preSolution
		Debug|Any CPU = Debug|Any CPU
		Release|Any CPU = Release|Any CPU
	EndGlobalSection
	GlobalSection(ProjectConfigurationPlatforms) = postSolution
		{EA3B4164-2E5F-FB3A-88F1-592988EB7930}.Debug|Any CPU.ActiveCfg = Debug|Any CPU
		{EA3B4164-2E5F-FB3A-88F1-592988EB7930}.Debug|Any CPU.Build.0 = Debug|Any CPU
		{EA3B4164-2E5F-FB3A-88F1-592988EB7930}.Release|Any CPU.ActiveCfg = Release|Any CPU
		{EA3B4164-2E5F-FB3A-88F1-592988EB7930}.Release|Any CPU.Build.0 = Release|Any CPU
		{C33AEB62-B8E5-CB44-05B8-F8F0900F456E}.Debug|Any CPU.ActiveCfg = Debug|Any CPU
		{C33AEB62-B8E5-CB44-05B8-F8F0900F456E}.Debug|Any CPU.Build.0 = Debug|Any CPU
		{C33AEB62-B8E5-CB44-05B8-F8F0900F456E}.Release|Any CPU.ActiveCfg = Release|Any CPU
		{C33AEB62-B8E5-CB44-05B8-F8F0900F456E}.Release|Any CPU.Build.0 = Release|Any CPU
		{92A6239A-B267-C8B1-F695-C79522E584F1}.Debug|Any CPU.ActiveCfg = Debug|Any CPU
		{92A6239A-B267-C8B1-F695-C79522E584F1}.Debug|Any CPU.Build.0 = Debug|Any CPU
		{92A6239A-B267-C8B1-F695-C79522E584F1}.Release|Any CPU.ActiveCfg = Release|Any CPU
		{92A6239A-B267-C8B1-F695-C79522E584F1}.Release|Any CPU.Build.0 = Release|Any CPU
	EndGlobalSection
	GlobalSection(SolutionProperties) = preSolution
		HideSolutionNode = FALSE
	EndGlobalSection
																													GlobalSection(MonoDevelopProperties) = preSolution
		StartupItem = Assembly-CSharp.csproj
		Policies = $0
		$0.TextStylePolicy = $1
		$1.inheritsSet = null
		$1.scope = text/x-csharp
		$0.CSharpFormattingPolicy = $2
		$2.inheritsSet = Mono
		$2.inheritsScope = text/x-csharp
		$2.scope = text/x-csharp
		$0.TextStylePolicy = $3
		$3.FileWidth = 120
		$3.TabWidth = 4
		$3.EolMarker = Unix
		$3.inheritsSet = Mono
		$3.inheritsScope = text/plain
		$3.scope = text/plain
	EndGlobalSection

EndGlobal
